// !$*UTF8*$!
{
	archiveVersion = 1;
	classes = {
	};
	objectVersion = 56;
	objects = {

/* Begin PBXBuildFile section */
		60672A9529C47107007BBC0F /* AppDelegate.swift in Sources */ = {isa = PBXBuildFile; fileRef = 60672A9429C47107007BBC0F /* AppDelegate.swift */; };
		60672A9729C47107007BBC0F /* SceneDelegate.swift in Sources */ = {isa = PBXBuildFile; fileRef = 60672A9629C47107007BBC0F /* SceneDelegate.swift */; };
		60672A9C29C47107007BBC0F /* Main.storyboard in Resources */ = {isa = PBXBuildFile; fileRef = 60672A9A29C47107007BBC0F /* Main.storyboard */; };
		60672A9E29C47108007BBC0F /* Assets.xcassets in Resources */ = {isa = PBXBuildFile; fileRef = 60672A9D29C47108007BBC0F /* Assets.xcassets */; };
		60672AA129C47108007BBC0F /* LaunchScreen.storyboard in Resources */ = {isa = PBXBuildFile; fileRef = 60672A9F29C47108007BBC0F /* LaunchScreen.storyboard */; };
		60672AA929C471AA007BBC0F /* MainTableViewController.swift in Sources */ = {isa = PBXBuildFile; fileRef = 60672AA829C471AA007BBC0F /* MainTableViewController.swift */; };
		60672AAB29C471D5007BBC0F /* CustomCell.swift in Sources */ = {isa = PBXBuildFile; fileRef = 60672AAA29C471D5007BBC0F /* CustomCell.swift */; };
		60672AAD29C472A3007BBC0F /* Data.swift in Sources */ = {isa = PBXBuildFile; fileRef = 60672AAC29C472A3007BBC0F /* Data.swift */; };
		9A4DBA1E29C4C50400081188 /* DetailViewController.swift in Sources */ = {isa = PBXBuildFile; fileRef = 9A4DBA1D29C4C50400081188 /* DetailViewController.swift */; };
/* End PBXBuildFile section */

/* Begin PBXFileReference section */
		60672A9129C47107007BBC0F /* 4homework3m.app */ = {isa = PBXFileReference; explicitFileType = wrapper.application; includeInIndex = 0; path = 4homework3m.app; sourceTree = BUILT_PRODUCTS_DIR; };
		60672A9429C47107007BBC0F /* AppDelegate.swift */ = {isa = PBXFileReference; lastKnownFileType = sourcecode.swift; path = AppDelegate.swift; sourceTree = "<group>"; };
		60672A9629C47107007BBC0F /* SceneDelegate.swift */ = {isa = PBXFileReference; lastKnownFileType = sourcecode.swift; path = SceneDelegate.swift; sourceTree = "<group>"; };
		60672A9B29C47107007BBC0F /* Base */ = {isa = PBXFileReference; lastKnownFileType = file.storyboard; name = Base; path = Base.lproj/Main.storyboard; sourceTree = "<group>"; };
		60672A9D29C47108007BBC0F /* Assets.xcassets */ = {isa = PBXFileReference; lastKnownFileType = folder.assetcatalog; path = Assets.xcassets; sourceTree = "<group>"; };
		60672AA029C47108007BBC0F /* Base */ = {isa = PBXFileReference; lastKnownFileType = file.storyboard; name = Base; path = Base.lproj/LaunchScreen.storyboard; sourceTree = "<group>"; };
		60672AA229C47108007BBC0F /* Info.plist */ = {isa = PBXFileReference; lastKnownFileType = text.plist.xml; path = Info.plist; sourceTree = "<group>"; };
		60672AA829C471AA007BBC0F /* MainTableViewController.swift */ = {isa = PBXFileReference; lastKnownFileType = sourcecode.swift; path = MainTableViewController.swift; sourceTree = "<group>"; };
		60672AAA29C471D5007BBC0F /* CustomCell.swift */ = {isa = PBXFileReference; lastKnownFileType = sourcecode.swift; path = CustomCell.swift; sourceTree = "<group>"; };
		60672AAC29C472A3007BBC0F /* Data.swift */ = {isa = PBXFileReference; lastKnownFileType = sourcecode.swift; path = Data.swift; sourceTree = "<group>"; };
		9A4DBA1D29C4C50400081188 /* DetailViewController.swift */ = {isa = PBXFileReference; lastKnownFileType = sourcecode.swift; path = DetailViewController.swift; sourceTree = "<group>"; };
/* End PBXFileReference section */

/* Begin PBXFrameworksBuildPhase section */
		60672A8E29C47107007BBC0F /* Frameworks */ = {
			isa = PBXFrameworksBuildPhase;
			buildActionMask = 2147483647;
			files = (
			);
			runOnlyForDeploymentPostprocessing = 0;
		};
/* End PBXFrameworksBuildPhase section */

/* Begin PBXGroup section */
		60672A8829C47107007BBC0F = {
			isa = PBXGroup;
			children = (
				60672A9329C47107007BBC0F /* 4homework3m */,
				60672A9229C47107007BBC0F /* Products */,
			);
			sourceTree = "<group>";
		};
		60672A9229C47107007BBC0F /* Products */ = {
			isa = PBXGroup;
			children = (
				60672A9129C47107007BBC0F /* 4homework3m.app */,
			);
			name = Products;
			sourceTree = "<group>";
		};
		60672A9329C47107007BBC0F /* 4homework3m */ = {
			isa = PBXGroup;
			children = (
				60672A9429C47107007BBC0F /* AppDelegate.swift */,
				60672A9629C47107007BBC0F /* SceneDelegate.swift */,
				60672A9A29C47107007BBC0F /* Main.storyboard */,
				60672A9D29C47108007BBC0F /* Assets.xcassets */,
				60672A9F29C47108007BBC0F /* LaunchScreen.storyboard */,
				60672AA229C47108007BBC0F /* Info.plist */,
				60672AA829C471AA007BBC0F /* MainTableViewController.swift */,
				60672AAA29C471D5007BBC0F /* CustomCell.swift */,
				60672AAC29C472A3007BBC0F /* Data.swift */,
				9A4DBA1D29C4C50400081188 /* DetailViewController.swift */,
			);
			path = 4homework3m;
			sourceTree = "<group>";
		};
/* End PBXGroup section */

/* Begin PBXNativeTarget section */
		60672A9029C47107007BBC0F /* 4homework3m */ = {
			isa = PBXNativeTarget;
			buildConfigurationList = 60672AA529C47108007BBC0F /* Build configuration list for PBXNativeTarget "4homework3m" */;
			buildPhases = (
				60672A8D29C47107007BBC0F /* Sources */,
				60672A8E29C47107007BBC0F /* Frameworks */,
				60672A8F29C47107007BBC0F /* Resources */,
			);
			buildRules = (
			);
			dependencies = (
			);
			name = 4homework3m;
			productName = 4homework3m;
			productReference = 60672A9129C47107007BBC0F /* 4homework3m.app */;
			productType = "com.apple.product-type.application";
		};
/* End PBXNativeTarget section */

/* Begin PBXProject section */
		60672A8929C47107007BBC0F /* Project object */ = {
			isa = PBXProject;
			attributes = {
				BuildIndependentTargetsInParallel = 1;
				LastSwiftUpdateCheck = 1400;
				LastUpgradeCheck = 1400;
				TargetAttributes = {
					60672A9029C47107007BBC0F = {
						CreatedOnToolsVersion = 14.0.1;
					};
				};
			};
			buildConfigurationList = 60672A8C29C47107007BBC0F /* Build configuration list for PBXProject "4homework3m" */;
			compatibilityVersion = "Xcode 14.0";
			developmentRegion = en;
			hasScannedForEncodings = 0;
			knownRegions = (
				en,
				Base,
			);
			mainGroup = 60672A8829C47107007BBC0F;
			productRefGroup = 60672A9229C47107007BBC0F /* Products */;
			projectDirPath = "";
			projectRoot = "";
			targets = (
				60672A9029C47107007BBC0F /* 4homework3m */,
			);
		};
/* End PBXProject section */

/* Begin PBXResourcesBuildPhase section */
		60672A8F29C47107007BBC0F /* Resources */ = {
			isa = PBXResourcesBuildPhase;
			buildActionMask = 2147483647;
			files = (
				60672AA129C47108007BBC0F /* LaunchScreen.storyboard in Resources */,
				60672A9E29C47108007BBC0F /* Assets.xcassets in Resources */,
				60672A9C29C47107007BBC0F /* Main.storyboard in Resources */,
			);
			runOnlyForDeploymentPostprocessing = 0;
		};
/* End PBXResourcesBuildPhase section */

/* Begin PBXSourcesBuildPhase section */
		60672A8D29C47107007BBC0F /* Sources */ = {
			isa = PBXSourcesBuildPhase;
			buildActionMask = 2147483647;
			files = (
				60672A9529C47107007BBC0F /* AppDelegate.swift in Sources */,
				60672AAD29C472A3007BBC0F /* Data.swift in Sources */,
				60672AA929C471AA007BBC0F /* MainTableViewController.swift in Sources */,
				9A4DBA1E29C4C50400081188 /* DetailViewController.swift in Sources */,
				60672AAB29C471D5007BBC0F /* CustomCell.swift in Sources */,
				60672A9729C47107007BBC0F /* SceneDelegate.swift in Sources */,
			);
			runOnlyForDeploymentPostprocessing = 0;
		};
/* End PBXSourcesBuildPhase section */

/* Begin PBXVariantGroup section */
		60672A9A29C47107007BBC0F /* Main.storyboard */ = {
			isa = PBXVariantGroup;
			children = (
				60672A9B29C47107007BBC0F /* Base */,
			);
			name = Main.storyboard;
			sourceTree = "<group>";
		};
		60672A9F29C47108007BBC0F /* LaunchScreen.storyboard */ = {
			isa = PBXVariantGroup;
			children = (
				60672AA029C47108007BBC0F /* Base */,
			);
			name = LaunchScreen.storyboard;
			sourceTree = "<group>";
		};
/* End PBXVariantGroup section */

/* Begin XCBuildConfiguration section */
		60672AA329C47108007BBC0F /* Debug */ = {
			isa = XCBuildConfiguration;
			buildSettings = {
				ALWAYS_SEARCH_USER_PATHS = NO;
				CLANG_ANALYZER_NONNULL = YES;
				CLANG_ANALYZER_NUMBER_OBJECT_CONVERSION = YES_AGGRESSIVE;
				CLANG_CXX_LANGUAGE_STANDARD = "gnu++20";
				CLANG_ENABLE_MODULES = YES;
				CLANG_ENABLE_OBJC_ARC = YES;
				CLANG_ENABLE_OBJC_WEAK = YES;
				CLANG_WARN_BLOCK_CAPTURE_AUTORELEASING = YES;
				CLANG_WARN_BOOL_CONVERSION = YES;
				CLANG_WARN_COMMA = YES;
				CLANG_WARN_CONSTANT_CONVERSION = YES;
				CLANG_WARN_DEPRECATED_OBJC_IMPLEMENTATIONS = YES;
				CLANG_WARN_DIRECT_OBJC_ISA_USAGE = YES_ERROR;
				CLANG_WARN_DOCUMENTATION_COMMENTS = YES;
				CLANG_WARN_EMPTY_BODY = YES;
				CLANG_WARN_ENUM_CONVERSION = YES;
				CLANG_WARN_INFINITE_RECURSION = YES;
				CLANG_WARN_INT_CONVERSION = YES;
				CLANG_WARN_NON_LITERAL_NULL_CONVERSION = YES;
				CLANG_WARN_OBJC_IMPLICIT_RETAIN_SELF = YES;
				CLANG_WARN_OBJC_LITERAL_CONVERSION = YES;
				CLANG_WARN_OBJC_ROOT_CLASS = YES_ERROR;
				CLANG_WARN_QUOTED_INCLUDE_IN_FRAMEWORK_HEADER = YES;
				CLANG_WARN_RANGE_LOOP_ANALYSIS = YES;
				CLANG_WARN_STRICT_PROTOTYPES = YES;
				CLANG_WARN_SUSPICIOUS_MOVE = YES;
				CLANG_WARN_UNGUARDED_AVAILABILITY = YES_AGGRESSIVE;
				CLANG_WARN_UNREACHABLE_CODE = YES;
				CLANG_WARN__DUPLICATE_METHOD_MATCH = YES;
				COPY_PHASE_STRIP = NO;
				DEBUG_INFORMATION_FORMAT = dwarf;
				ENABLE_STRICT_OBJC_MSGSEND = YES;
				ENABLE_TESTABILITY = YES;
				GCC_C_LANGUAGE_STANDARD = gnu11;
				GCC_DYNAMIC_NO_PIC = NO;
				GCC_NO_COMMON_BLOCKS = YES;
				GCC_OPTIMIZATION_LEVEL = 0;
				GCC_PREPROCESSOR_DEFINITIONS = (
					"DEBUG=1",
					"$(inherited)",
				);
				GCC_WARN_64_TO_32_BIT_CONVERSION = YES;
				GCC_WARN_ABOUT_RETURN_TYPE = YES_ERROR;
				GCC_WARN_UNDECLARED_SELECTOR = YES;
				GCC_WARN_UNINITIALIZED_AUTOS = YES_AGGRESSIVE;
				GCC_WARN_UNUSED_FUNCTION = YES;
				GCC_WARN_UNUSED_VARIABLE = YES;
				IPHONEOS_DEPLOYMENT_TARGET = 16.0;
				MTL_ENABLE_DEBUG_INFO = INCLUDE_SOURCE;
				MTL_FAST_MATH = YES;
				ONLY_ACTIVE_ARCH = YES;
				SDKROOT = iphoneos;
				SWIFT_ACTIVE_COMPILATION_CONDITIONS = DEBUG;
				SWIFT_OPTIMIZATION_LEVEL = "-Onone";
			};
			name = Debug;
		};
		60672AA429C47108007BBC0F /* Release */ = {
			isa = XCBuildConfiguration;
			buildSettings = {
				ALWAYS_SEARCH_USER_PATHS = NO;
				CLANG_ANALYZER_NONNULL = YES;
				CLANG_ANALYZER_NUMBER_OBJECT_CONVERSION = YES_AGGRESSIVE;
				CLANG_CXX_LANGUAGE_STANDARD = "gnu++20";
				CLANG_ENABLE_MODULES = YES;
				CLANG_ENABLE_OBJC_ARC = YES;
				CLANG_ENABLE_OBJC_WEAK = YES;
				CLANG_WARN_BLOCK_CAPTURE_AUTORELEASING = YES;
				CLANG_WARN_BOOL_CONVERSION = YES;
				CLANG_WARN_COMMA = YES;
				CLANG_WARN_CONSTANT_CONVERSION = YES;
				CLANG_WARN_DEPRECATED_OBJC_IMPLEMENTATIONS = YES;
				CLANG_WARN_DIRECT_OBJC_ISA_USAGE = YES_ERROR;
				CLANG_WARN_DOCUMENTATION_COMMENTS = YES;
				CLANG_WARN_EMPTY_BODY = YES;
				CLANG_WARN_ENUM_CONVERSION = YES;
				CLANG_WARN_INFINITE_RECURSION = YES;
				CLANG_WARN_INT_CONVERSION = YES;
				CLANG_WARN_NON_LITERAL_NULL_CONVERSION = YES;
				CLANG_WARN_OBJC_IMPLICIT_RETAIN_SELF = YES;
				CLANG_WARN_OBJC_LITERAL_CONVERSION = YES;
				CLANG_WARN_OBJC_ROOT_CLASS = YES_ERROR;
				CLANG_WARN_QUOTED_INCLUDE_IN_FRAMEWORK_HEADER = YES;
				CLANG_WARN_RANGE_LOOP_ANALYSIS = YES;
				CLANG_WARN_STRICT_PROTOTYPES = YES;
				CLANG_WARN_SUSPICIOUS_MOVE = YES;
				CLANG_WARN_UNGUARDED_AVAILABILITY = YES_AGGRESSIVE;
				CLANG_WARN_UNREACHABLE_CODE = YES;
				CLANG_WARN__DUPLICATE_METHOD_MATCH = YES;
				COPY_PHASE_STRIP = NO;
				DEBUG_INFORMATION_FORMAT = "dwarf-with-dsym";
				ENABLE_NS_ASSERTIONS = NO;
				ENABLE_STRICT_OBJC_MSGSEND = YES;
				GCC_C_LANGUAGE_STANDARD = gnu11;
				GCC_NO_COMMON_BLOCKS = YES;
				GCC_WARN_64_TO_32_BIT_CONVERSION = YES;
				GCC_WARN_ABOUT_RETURN_TYPE = YES_ERROR;
				GCC_WARN_UNDECLARED_SELECTOR = YES;
				GCC_WARN_UNINITIALIZED_AUTOS = YES_AGGRESSIVE;
				GCC_WARN_UNUSED_FUNCTION = YES;
				GCC_WARN_UNUSED_VARIABLE = YES;
				IPHONEOS_DEPLOYMENT_TARGET = 16.0;
				MTL_ENABLE_DEBUG_INFO = NO;
				MTL_FAST_MATH = YES;
				SDKROOT = iphoneos;
				SWIFT_COMPILATION_MODE = wholemodule;
				SWIFT_OPTIMIZATION_LEVEL = "-O";
				VALIDATE_PRODUCT = YES;
			};
			name = Release;
		};
		60672AA629C47108007BBC0F /* Debug */ = {
			isa = XCBuildConfiguration;
			buildSettings = {
				ASSETCATALOG_COMPILER_APPICON_NAME = AppIcon;
				ASSETCATALOG_COMPILER_GLOBAL_ACCENT_COLOR_NAME = AccentColor;
				CODE_SIGN_STYLE = Automatic;
				CURRENT_PROJECT_VERSION = 1;
				DEVELOPMENT_TEAM = S24JM78SDV;
				GENERATE_INFOPLIST_FILE = YES;
				INFOPLIST_FILE = 4homework3m/Info.plist;
				INFOPLIST_KEY_UIApplicationSupportsIndirectInputEvents = YES;
				INFOPLIST_KEY_UILaunchStoryboardName = LaunchScreen;
				INFOPLIST_KEY_UIMainStoryboardFile = Main;
				INFOPLIST_KEY_UISupportedInterfaceOrientations_iPad = "UIInterfaceOrientationPortrait UIInterfaceOrientationPortraitUpsideDown UIInterfaceOrientationLandscapeLeft UIInterfaceOrientationLandscapeRight";
				INFOPLIST_KEY_UISupportedInterfaceOrientations_iPhone = "UIInterfaceOrientationPortrait UIInterfaceOrientationLandscapeLeft UIInterfaceOrientationLandscapeRight";
				LD_RUNPATH_SEARCH_PATHS = (
					"$(inherited)",
					"@executable_path/Frameworks",
				);
				MARKETING_VERSION = 1.0;
				PRODUCT_BUNDLE_IDENTIFIER = mavlyuda.homework3m;
				PRODUCT_NAME = "$(TARGET_NAME)";
				SWIFT_EMIT_LOC_STRINGS = YES;
				SWIFT_VERSION = 5.0;
				TARGETED_DEVICE_FAMILY = "1,2";
			};
			name = Debug;
		};
		60672AA729C47108007BBC0F /* Release */ = {
			isa = XCBuildConfiguration;
			buildSettings = {
				ASSETCATALOG_COMPILER_APPICON_NAME = AppIcon;
				ASSETCATALOG_COMPILER_GLOBAL_ACCENT_COLOR_NAME = AccentColor;
				CODE_SIGN_STYLE = Automatic;
				CURRENT_PROJECT_VERSION = 1;
				DEVELOPMENT_TEAM = S24JM78SDV;
				GENERATE_INFOPLIST_FILE = YES;
				INFOPLIST_FILE = 4homework3m/Info.plist;
				INFOPLIST_KEY_UIApplicationSupportsIndirectInputEvents = YES;
				INFOPLIST_KEY_UILaunchStoryboardName = LaunchScreen;
				INFOPLIST_KEY_UIMainStoryboardFile = Main;
				INFOPLIST_KEY_UISupportedInterfaceOrientations_iPad = "UIInterfaceOrientationPortrait UIInterfaceOrientationPortraitUpsideDown UIInterfaceOrientationLandscapeLeft UIInterfaceOrientationLandscapeRight";
				INFOPLIST_KEY_UISupportedInterfaceOrientations_iPhone = "UIInterfaceOrientationPortrait UIInterfaceOrientationLandscapeLeft UIInterfaceOrientationLandscapeRight";
				LD_RUNPATH_SEARCH_PATHS = (
					"$(inherited)",
					"@executable_path/Frameworks",
				);
				MARKETING_VERSION = 1.0;
				PRODUCT_BUNDLE_IDENTIFIER = mavlyuda.homework3m;
				PRODUCT_NAME = "$(TARGET_NAME)";
				SWIFT_EMIT_LOC_STRINGS = YES;
				SWIFT_VERSION = 5.0;
				TARGETED_DEVICE_FAMILY = "1,2";
			};
			name = Release;
		};
/* End XCBuildConfiguration section */

/* Begin XCConfigurationList section */
		60672A8C29C47107007BBC0F /* Build configuration list for PBXProject "4homework3m" */ = {
			isa = XCConfigurationList;
			buildConfigurations = (
				60672AA329C47108007BBC0F /* Debug */,
				60672AA429C47108007BBC0F /* Release */,
			);
			defaultConfigurationIsVisible = 0;
			defaultConfigurationName = Release;
		};
		60672AA529C47108007BBC0F /* Build configuration list for PBXNativeTarget "4homework3m" */ = {
			isa = XCConfigurationList;
			buildConfigurations = (
				60672AA629C47108007BBC0F /* Debug */,
				60672AA729C47108007BBC0F /* Release */,
			);
			defaultConfigurationIsVisible = 0;
			defaultConfigurationName = Release;
		};
/* End XCConfigurationList section */
	};
	rootObject = 60672A8929C47107007BBC0F /* Project object */;
}
